
Microsoft Visual Studio Solution File, Format Version 12.00
# Visual Studio 2013
VisualStudioVersion = 12.0.40629.0
MinimumVisualStudioVersion = 10.0.40219.1
Project("{FAE04EC0-301F-11D3-BF4B-00C04F79EFBC}") = "GatewayHost", "GatewayHost\GatewayHost.csproj", "{FBE117AE-9E95-43F3-A812-0F83F40BC3DB}"
EndProject
Project("{FAE04EC0-301F-11D3-BF4B-00C04F79EFBC}") = "GatewayInterface", "GatewayInterface\GatewayInterface.csproj", "{FB367D02-2C85-4247-ADED-D5CC858FFEB3}"
EndProject
Project("{FAE04EC0-301F-11D3-BF4B-00C04F79EFBC}") = "SMSHost", "PretreatmentHost\SMSHost.csproj", "{FCA96C4F-F12B-4BC7-8BF1-D21A9E878DA2}"
EndProject
Project("{2150E333-8FDC-42A3-9474-1A3956D46DE8}") = "SMSManagement", "SMSManagement", "{F9D18224-B21D-4568-B6E7-0B88B35DF6E3}"
EndProject
Project("{2150E333-8FDC-42A3-9474-1A3956D46DE8}") = "SendQueue", "SendQueue", "{3499F85D-56F6-4472-9F33-EF8B7327E836}"
EndProject
Project("{2150E333-8FDC-42A3-9474-1A3956D46DE8}") = "Gateway", "Gateway", "{684D6571-22D3-4FAC-B9B8-721FA484A22A}"
EndProject
Project("{FAE04EC0-301F-11D3-BF4B-00C04F79EFBC}") = "SendQueueHost", "SendQueueHost\SendQueueHost.csproj", "{12DDF59E-549D-4929-865A-1BBAB466F1E7}"
EndProject
Project("{FAE04EC0-301F-11D3-BF4B-00C04F79EFBC}") = "SMSInterface", "SMSInterface\SMSInterface.csproj", "{57353E30-A494-4256-8FDC-53B90F40C982}"
EndProject
Project("{2150E333-8FDC-42A3-9474-1A3956D46DE8}") = "Common", "Common", "{D0AF06ED-3CF3-4A66-8643-F337AFA482C2}"
EndProject
Project("{FAE04EC0-301F-11D3-BF4B-00C04F79EFBC}") = "SMSService", "PretreatmentService\SMSService.csproj", "{6DFA0C5E-1E6A-424C-A6D2-E2162756FC4E}"
EndProject
Project("{FAE04EC0-301F-11D3-BF4B-00C04F79EFBC}") = "KeywordFilter", "KeywordFilter\KeywordFilter.csproj", "{6F9E6F76-C1DC-46EC-9A64-A554FBF3D3D4}"
EndProject
Project("{2150E333-8FDC-42A3-9474-1A3956D46DE8}") = "Log", "Log", "{8951E21B-C482-4E06-99BE-3E07645896E0}"
EndProject
Project("{FAE04EC0-301F-11D3-BF4B-00C04F79EFBC}") = "LogClient", "..\Common\LogSystem\LogClient\LogClient.csproj", "{4156F982-4114-498B-B681-05D8C7D75DC2}"
EndProject
Project("{FAE04EC0-301F-11D3-BF4B-00C04F79EFBC}") = "LogHost", "..\Common\LogSystem\LogHost\LogHost.csproj", "{03712FD5-7474-4767-996E-B9E8DE891B26}"
EndProject
Project("{FAE04EC0-301F-11D3-BF4B-00C04F79EFBC}") = "LogInterface", "..\Common\LogSystem\LogInterface\LogInterface.csproj", "{7EFF3F5A-4EFB-4C63-A5CA-0C42294108D0}"
EndProject
Project("{FAE04EC0-301F-11D3-BF4B-00C04F79EFBC}") = "LogQuery", "..\Common\LogSystem\LogQuery\LogQuery.csproj", "{B3E7482D-23AC-4F8F-9A0D-B2375E86C7BE}"
EndProject
Project("{FAE04EC0-301F-11D3-BF4B-00C04F79EFBC}") = "LogService", "..\Common\LogSystem\LogService\LogService.csproj", "{2B1F6548-3CB9-4BB4-8B23-89050C4B60B8}"
EndProject
Project("{FAE04EC0-301F-11D3-BF4B-00C04F79EFBC}") = "LogHelper", "LogHelper\LogHelper.csproj", "{1A557D46-6394-4FC6-9F0E-33A175F299E5}"
EndProject
Project("{FAE04EC0-301F-11D3-BF4B-00C04F79EFBC}") = "Utils", "..\Common\CommonUtils\Utils.csproj", "{A1269393-9F77-49C7-A734-5643C6E5FF63}"
EndProject
Project("{FAE04EC0-301F-11D3-BF4B-00C04F79EFBC}") = "Monitoring", "..\Common\Monitoring\Monitoring.csproj", "{C8CCAE9A-B555-4EB3-B4E2-F2D6DCF91256}"
EndProject
Project("{2150E333-8FDC-42A3-9474-1A3956D46DE8}") = "Platform", "Platform", "{886AFE4B-8CEB-4BCF-A1A2-6707BE589790}"
EndProject
Project("{FAE04EC0-301F-11D3-BF4B-00C04F79EFBC}") = "SMSPlatHost", "..\ZHSMSManager\ZHSMSPlatHost\SMSPlatHost.csproj", "{DC870F02-7767-491C-886B-C3C78B6E9A34}"
EndProject
Project("{FAE04EC0-301F-11D3-BF4B-00C04F79EFBC}") = "SMSPlatInterface", "..\ZHSMSManager\ZHSMSPlatInterface\SMSPlatInterface.csproj", "{5922BFD6-F4EA-4829-A6B4-5C85DC578954}"
EndProject
Project("{FAE04EC0-301F-11D3-BF4B-00C04F79EFBC}") = "SMSPlatService", "..\ZHSMSManager\ZHSMSService\SMSPlatService.csproj", "{EA7C54B1-9FD8-469E-AF23-6A179FBC93EA}"
EndProject
Project("{FAE04EC0-301F-11D3-BF4B-00C04F79EFBC}") = "BLL", "..\ZHSMSManager\BLL\BLL.csproj", "{2AB5B21F-F2BF-4389-A878-799509633F53}"
EndProject
Project("{FAE04EC0-301F-11D3-BF4B-00C04F79EFBC}") = "DAL", "..\ZHSMSManager\DAL\DAL.csproj", "{7AAA58E9-F8DC-48D9-92AD-CDC0AD796A7A}"
EndProject
Project("{FAE04EC0-301F-11D3-BF4B-00C04F79EFBC}") = "DBUtility", "..\ZHSMSManager\DBUtility\DBUtility.csproj", "{33D5B32F-5973-462F-AEF9-A0E897620D68}"
EndProject
Project("{FAE04EC0-301F-11D3-BF4B-00C04F79EFBC}") = "DBTools", "..\SmsGUI\ServiceManageWin\DBTools\DBTools.csproj", "{FED9896F-E5A2-4F7C-8C4C-2381A6170984}"
EndProject
Project("{FAE04EC0-301F-11D3-BF4B-00C04F79EFBC}") = "MessageTools", "..\SmsGUI\ServiceManageWin\MessageTools\MessageTools.csproj", "{D8DD162C-72CC-45AE-9B54-AA27F5D9ED4F}"
EndProject
Project("{FAE04EC0-301F-11D3-BF4B-00C04F79EFBC}") = "SMS.Model", "SMS.Model\SMS.Model.csproj", "{FF058F8C-6516-4568-922D-068611BE4754}"
EndProject
Project("{2150E333-8FDC-42A3-9474-1A3956D46DE8}") = "Infrastructure", "Infrastructure", "{8F124507-AB5F-4DD8-9F17-2C9598A7ADEF}"
EndProject
Project("{FAE04EC0-301F-11D3-BF4B-00C04F79EFBC}") = "SMS.Util", "SMS.Util\SMS.Util.csproj", "{E2A9E84A-456B-42B6-9972-883536F6EBF0}"
EndProject
Project("{FAE04EC0-301F-11D3-BF4B-00C04F79EFBC}") = "SMS.DB", "SMS.DB\SMS.DB.csproj", "{14CD3C1F-07B0-4AC1-8E62-2D6D821205A9}"
EndProject
Project("{FAE04EC0-301F-11D3-BF4B-00C04F79EFBC}") = "SMS.DTO", "SMS.DTO\SMS.DTO.csproj", "{9F4F088D-CF30-43DA-A35E-0E7E863BB9B3}"
EndProject
Project("{FAE04EC0-301F-11D3-BF4B-00C04F79EFBC}") = "MQHelper", "MQHelper\MQHelper.csproj", "{8797BC3B-9C77-4781-A04F-3D32B208CFBF}"
EndProject
Project("{2150E333-8FDC-42A3-9474-1A3956D46DE8}") = "Interface", "Interface", "{7C12F0E8-62D3-4832-8406-2B2AA8277D50}"
EndProject
Project("{FAE04EC0-301F-11D3-BF4B-00C04F79EFBC}") = "HttpSMService", "HttpSMService\HttpSMService.csproj", "{D165C4AE-862E-433B-B92D-E56A08C3952A}"
EndProject
Project("{FAE04EC0-301F-11D3-BF4B-00C04F79EFBC}") = "ServiceModel", "ServiceModel\ServiceModel.csproj", "{FD3F0689-5E9A-4CEC-8257-4CB3057AE013}"
EndProject
Project("{FAE04EC0-301F-11D3-BF4B-00C04F79EFBC}") = "SMWebService", "SMWebService\SMWebService.csproj", "{289AAB64-1EAF-4579-B5F8-53ECE298451D}"
EndProject
Project("{FAE04EC0-301F-11D3-BF4B-00C04F79EFBC}") = "ISMPModel", "..\..\..\ISMP\编码\开发版本\ISMP\ISMPModel\ISMPModel.csproj", "{A363F0BD-2CE7-4CB1-98B6-8E3BC3ECA3A6}"
EndProject
Project("{FAE04EC0-301F-11D3-BF4B-00C04F79EFBC}") = "ISMPInterface", "..\..\..\ISMP\编码\开发版本\ISMP\ISMPInterface\ISMPInterface.csproj", "{8E07A99B-5F22-4189-8AE9-9FA233DC3C82}"
EndProject
Project("{FAE04EC0-301F-11D3-BF4B-00C04F79EFBC}") = "HttpGateways", "HttpGateways\HttpGateways.csproj", "{0ADCBE07-FB3B-4964-9817-7F47B7C18CB9}"
EndProject
Global
	GlobalSection(SolutionConfigurationPlatforms) = preSolution
		Debug|Any CPU = Debug|Any CPU
		Debug|x86 = Debug|x86
		Release|Any CPU = Release|Any CPU
		Release|x86 = Release|x86
	EndGlobalSection
	GlobalSection(ProjectConfigurationPlatforms) = postSolution
		{FBE117AE-9E95-43F3-A812-0F83F40BC3DB}.Debug|Any CPU.ActiveCfg = Debug|Any CPU
		{FBE117AE-9E95-43F3-A812-0F83F40BC3DB}.Debug|Any CPU.Build.0 = Debug|Any CPU
		{FBE117AE-9E95-43F3-A812-0F83F40BC3DB}.Debug|x86.ActiveCfg = Debug|Any CPU
		{FBE117AE-9E95-43F3-A812-0F83F40BC3DB}.Release|Any CPU.ActiveCfg = Release|Any CPU
		{FBE117AE-9E95-43F3-A812-0F83F40BC3DB}.Release|Any CPU.Build.0 = Release|Any CPU
		{FBE117AE-9E95-43F3-A812-0F83F40BC3DB}.Release|x86.ActiveCfg = Release|Any CPU
		{FB367D02-2C85-4247-ADED-D5CC858FFEB3}.Debug|Any CPU.ActiveCfg = Debug|Any CPU
		{FB367D02-2C85-4247-ADED-D5CC858FFEB3}.Debug|Any CPU.Build.0 = Debug|Any CPU
		{FB367D02-2C85-4247-ADED-D5CC858FFEB3}.Debug|x86.ActiveCfg = Debug|Any CPU
		{FB367D02-2C85-4247-ADED-D5CC858FFEB3}.Release|Any CPU.ActiveCfg = Release|Any CPU
		{FB367D02-2C85-4247-ADED-D5CC858FFEB3}.Release|Any CPU.Build.0 = Release|Any CPU
		{FB367D02-2C85-4247-ADED-D5CC858FFEB3}.Release|x86.ActiveCfg = Release|Any CPU
		{FCA96C4F-F12B-4BC7-8BF1-D21A9E878DA2}.Debug|Any CPU.ActiveCfg = Debug|Any CPU
		{FCA96C4F-F12B-4BC7-8BF1-D21A9E878DA2}.Debug|Any CPU.Build.0 = Debug|Any CPU
		{FCA96C4F-F12B-4BC7-8BF1-D21A9E878DA2}.Debug|x86.ActiveCfg = Debug|Any CPU
		{FCA96C4F-F12B-4BC7-8BF1-D21A9E878DA2}.Release|Any CPU.ActiveCfg = Release|Any CPU
		{FCA96C4F-F12B-4BC7-8BF1-D21A9E878DA2}.Release|Any CPU.Build.0 = Release|Any CPU
		{FCA96C4F-F12B-4BC7-8BF1-D21A9E878DA2}.Release|x86.ActiveCfg = Release|Any CPU
		{12DDF59E-549D-4929-865A-1BBAB466F1E7}.Debug|Any CPU.ActiveCfg = Debug|Any CPU
		{12DDF59E-549D-4929-865A-1BBAB466F1E7}.Debug|Any CPU.Build.0 = Debug|Any CPU
		{12DDF59E-549D-4929-865A-1BBAB466F1E7}.Debug|x86.ActiveCfg = Debug|Any CPU
		{12DDF59E-549D-4929-865A-1BBAB466F1E7}.Release|Any CPU.ActiveCfg = Release|Any CPU
		{12DDF59E-549D-4929-865A-1BBAB466F1E7}.Release|Any CPU.Build.0 = Release|Any CPU
		{12DDF59E-549D-4929-865A-1BBAB466F1E7}.Release|x86.ActiveCfg = Release|Any CPU
		{57353E30-A494-4256-8FDC-53B90F40C982}.Debug|Any CPU.ActiveCfg = Debug|Any CPU
		{57353E30-A494-4256-8FDC-53B90F40C982}.Debug|Any CPU.Build.0 = Debug|Any CPU
		{57353E30-A494-4256-8FDC-53B90F40C982}.Debug|x86.ActiveCfg = Debug|Any CPU
		{57353E30-A494-4256-8FDC-53B90F40C982}.Release|Any CPU.ActiveCfg = Release|Any CPU
		{57353E30-A494-4256-8FDC-53B90F40C982}.Release|Any CPU.Build.0 = Release|Any CPU
		{57353E30-A494-4256-8FDC-53B90F40C982}.Release|x86.ActiveCfg = Release|Any CPU
		{6DFA0C5E-1E6A-424C-A6D2-E2162756FC4E}.Debug|Any CPU.ActiveCfg = Debug|Any CPU
		{6DFA0C5E-1E6A-424C-A6D2-E2162756FC4E}.Debug|Any CPU.Build.0 = Debug|Any CPU
		{6DFA0C5E-1E6A-424C-A6D2-E2162756FC4E}.Debug|x86.ActiveCfg = Debug|Any CPU
		{6DFA0C5E-1E6A-424C-A6D2-E2162756FC4E}.Release|Any CPU.ActiveCfg = Release|Any CPU
		{6DFA0C5E-1E6A-424C-A6D2-E2162756FC4E}.Release|Any CPU.Build.0 = Release|Any CPU
		{6DFA0C5E-1E6A-424C-A6D2-E2162756FC4E}.Release|x86.ActiveCfg = Release|Any CPU
		{6F9E6F76-C1DC-46EC-9A64-A554FBF3D3D4}.Debug|Any CPU.ActiveCfg = Debug|Any CPU
		{6F9E6F76-C1DC-46EC-9A64-A554FBF3D3D4}.Debug|Any CPU.Build.0 = Debug|Any CPU
		{6F9E6F76-C1DC-46EC-9A64-A554FBF3D3D4}.Debug|x86.ActiveCfg = Debug|Any CPU
		{6F9E6F76-C1DC-46EC-9A64-A554FBF3D3D4}.Release|Any CPU.ActiveCfg = Release|Any CPU
		{6F9E6F76-C1DC-46EC-9A64-A554FBF3D3D4}.Release|Any CPU.Build.0 = Release|Any CPU
		{6F9E6F76-C1DC-46EC-9A64-A554FBF3D3D4}.Release|x86.ActiveCfg = Release|Any CPU
		{4156F982-4114-498B-B681-05D8C7D75DC2}.Debug|Any CPU.ActiveCfg = Debug|Any CPU
		{4156F982-4114-498B-B681-05D8C7D75DC2}.Debug|Any CPU.Build.0 = Debug|Any CPU
		{4156F982-4114-498B-B681-05D8C7D75DC2}.Debug|x86.ActiveCfg = Debug|Any CPU
		{4156F982-4114-498B-B681-05D8C7D75DC2}.Release|Any CPU.ActiveCfg = Release|Any CPU
		{4156F982-4114-498B-B681-05D8C7D75DC2}.Release|Any CPU.Build.0 = Release|Any CPU
		{4156F982-4114-498B-B681-05D8C7D75DC2}.Release|x86.ActiveCfg = Release|Any CPU
		{03712FD5-7474-4767-996E-B9E8DE891B26}.Debug|Any CPU.ActiveCfg = Debug|Any CPU
		{03712FD5-7474-4767-996E-B9E8DE891B26}.Debug|Any CPU.Build.0 = Debug|Any CPU
		{03712FD5-7474-4767-996E-B9E8DE891B26}.Debug|x86.ActiveCfg = Debug|Any CPU
		{03712FD5-7474-4767-996E-B9E8DE891B26}.Release|Any CPU.ActiveCfg = Release|Any CPU
		{03712FD5-7474-4767-996E-B9E8DE891B26}.Release|Any CPU.Build.0 = Release|Any CPU
		{03712FD5-7474-4767-996E-B9E8DE891B26}.Release|x86.ActiveCfg = Release|Any CPU
		{7EFF3F5A-4EFB-4C63-A5CA-0C42294108D0}.Debug|Any CPU.ActiveCfg = Debug|Any CPU
		{7EFF3F5A-4EFB-4C63-A5CA-0C42294108D0}.Debug|Any CPU.Build.0 = Debug|Any CPU
		{7EFF3F5A-4EFB-4C63-A5CA-0C42294108D0}.Debug|x86.ActiveCfg = Debug|Any CPU
		{7EFF3F5A-4EFB-4C63-A5CA-0C42294108D0}.Release|Any CPU.ActiveCfg = Release|Any CPU
		{7EFF3F5A-4EFB-4C63-A5CA-0C42294108D0}.Release|Any CPU.Build.0 = Release|Any CPU
		{7EFF3F5A-4EFB-4C63-A5CA-0C42294108D0}.Release|x86.ActiveCfg = Release|Any CPU
		{B3E7482D-23AC-4F8F-9A0D-B2375E86C7BE}.Debug|Any CPU.ActiveCfg = Debug|Any CPU
		{B3E7482D-23AC-4F8F-9A0D-B2375E86C7BE}.Debug|Any CPU.Build.0 = Debug|Any CPU
		{B3E7482D-23AC-4F8F-9A0D-B2375E86C7BE}.Debug|x86.ActiveCfg = Debug|Any CPU
		{B3E7482D-23AC-4F8F-9A0D-B2375E86C7BE}.Release|Any CPU.ActiveCfg = Release|Any CPU
		{B3E7482D-23AC-4F8F-9A0D-B2375E86C7BE}.Release|Any CPU.Build.0 = Release|Any CPU
		{B3E7482D-23AC-4F8F-9A0D-B2375E86C7BE}.Release|x86.ActiveCfg = Release|Any CPU
		{2B1F6548-3CB9-4BB4-8B23-89050C4B60B8}.Debug|Any CPU.ActiveCfg = Debug|Any CPU
		{2B1F6548-3CB9-4BB4-8B23-89050C4B60B8}.Debug|Any CPU.Build.0 = Debug|Any CPU
		{2B1F6548-3CB9-4BB4-8B23-89050C4B60B8}.Debug|x86.ActiveCfg = Debug|Any CPU
		{2B1F6548-3CB9-4BB4-8B23-89050C4B60B8}.Release|Any CPU.ActiveCfg = Release|Any CPU
		{2B1F6548-3CB9-4BB4-8B23-89050C4B60B8}.Release|Any CPU.Build.0 = Release|Any CPU
		{2B1F6548-3CB9-4BB4-8B23-89050C4B60B8}.Release|x86.ActiveCfg = Release|Any CPU
		{1A557D46-6394-4FC6-9F0E-33A175F299E5}.Debug|Any CPU.ActiveCfg = Debug|Any CPU
		{1A557D46-6394-4FC6-9F0E-33A175F299E5}.Debug|Any CPU.Build.0 = Debug|Any CPU
		{1A557D46-6394-4FC6-9F0E-33A175F299E5}.Debug|x86.ActiveCfg = Debug|Any CPU
		{1A557D46-6394-4FC6-9F0E-33A175F299E5}.Release|Any CPU.ActiveCfg = Release|Any CPU
		{1A557D46-6394-4FC6-9F0E-33A175F299E5}.Release|Any CPU.Build.0 = Release|Any CPU
		{1A557D46-6394-4FC6-9F0E-33A175F299E5}.Release|x86.ActiveCfg = Release|Any CPU
		{A1269393-9F77-49C7-A734-5643C6E5FF63}.Debug|Any CPU.ActiveCfg = Debug|Any CPU
		{A1269393-9F77-49C7-A734-5643C6E5FF63}.Debug|Any CPU.Build.0 = Debug|Any CPU
		{A1269393-9F77-49C7-A734-5643C6E5FF63}.Debug|x86.ActiveCfg = Debug|Any CPU
		{A1269393-9F77-49C7-A734-5643C6E5FF63}.Debug|x86.Build.0 = Debug|Any CPU
		{A1269393-9F77-49C7-A734-5643C6E5FF63}.Release|Any CPU.ActiveCfg = Release|Any CPU
		{A1269393-9F77-49C7-A734-5643C6E5FF63}.Release|Any CPU.Build.0 = Release|Any CPU
		{A1269393-9F77-49C7-A734-5643C6E5FF63}.Release|x86.ActiveCfg = Release|Any CPU
		{A1269393-9F77-49C7-A734-5643C6E5FF63}.Release|x86.Build.0 = Release|Any CPU
		{C8CCAE9A-B555-4EB3-B4E2-F2D6DCF91256}.Debug|Any CPU.ActiveCfg = Debug|Any CPU
		{C8CCAE9A-B555-4EB3-B4E2-F2D6DCF91256}.Debug|Any CPU.Build.0 = Debug|Any CPU
		{C8CCAE9A-B555-4EB3-B4E2-F2D6DCF91256}.Debug|x86.ActiveCfg = Debug|Any CPU
		{C8CCAE9A-B555-4EB3-B4E2-F2D6DCF91256}.Release|Any CPU.ActiveCfg = Release|Any CPU
		{C8CCAE9A-B555-4EB3-B4E2-F2D6DCF91256}.Release|Any CPU.Build.0 = Release|Any CPU
		{C8CCAE9A-B555-4EB3-B4E2-F2D6DCF91256}.Release|x86.ActiveCfg = Release|Any CPU
		{DC870F02-7767-491C-886B-C3C78B6E9A34}.Debug|Any CPU.ActiveCfg = Debug|Any CPU
		{DC870F02-7767-491C-886B-C3C78B6E9A34}.Debug|Any CPU.Build.0 = Debug|Any CPU
		{DC870F02-7767-491C-886B-C3C78B6E9A34}.Debug|x86.ActiveCfg = Debug|Any CPU
		{DC870F02-7767-491C-886B-C3C78B6E9A34}.Release|Any CPU.ActiveCfg = Release|Any CPU
		{DC870F02-7767-491C-886B-C3C78B6E9A34}.Release|Any CPU.Build.0 = Release|Any CPU
		{DC870F02-7767-491C-886B-C3C78B6E9A34}.Release|x86.ActiveCfg = Release|Any CPU
		{5922BFD6-F4EA-4829-A6B4-5C85DC578954}.Debug|Any CPU.ActiveCfg = Debug|Any CPU
		{5922BFD6-F4EA-4829-A6B4-5C85DC578954}.Debug|Any CPU.Build.0 = Debug|Any CPU
		{5922BFD6-F4EA-4829-A6B4-5C85DC578954}.Debug|x86.ActiveCfg = Debug|Any CPU
		{5922BFD6-F4EA-4829-A6B4-5C85DC578954}.Release|Any CPU.ActiveCfg = Release|Any CPU
		{5922BFD6-F4EA-4829-A6B4-5C85DC578954}.Release|Any CPU.Build.0 = Release|Any CPU
		{5922BFD6-F4EA-4829-A6B4-5C85DC578954}.Release|x86.ActiveCfg = Release|Any CPU
		{EA7C54B1-9FD8-469E-AF23-6A179FBC93EA}.Debug|Any CPU.ActiveCfg = Debug|Any CPU
		{EA7C54B1-9FD8-469E-AF23-6A179FBC93EA}.Debug|Any CPU.Build.0 = Debug|Any CPU
		{EA7C54B1-9FD8-469E-AF23-6A179FBC93EA}.Debug|x86.ActiveCfg = Debug|Any CPU
		{EA7C54B1-9FD8-469E-AF23-6A179FBC93EA}.Release|Any CPU.ActiveCfg = Release|Any CPU
		{EA7C54B1-9FD8-469E-AF23-6A179FBC93EA}.Release|Any CPU.Build.0 = Release|Any CPU
		{EA7C54B1-9FD8-469E-AF23-6A179FBC93EA}.Release|x86.ActiveCfg = Release|Any CPU
		{2AB5B21F-F2BF-4389-A878-799509633F53}.Debug|Any CPU.ActiveCfg = Debug|Any CPU
		{2AB5B21F-F2BF-4389-A878-799509633F53}.Debug|Any CPU.Build.0 = Debug|Any CPU
		{2AB5B21F-F2BF-4389-A878-799509633F53}.Debug|x86.ActiveCfg = Debug|Any CPU
		{2AB5B21F-F2BF-4389-A878-799509633F53}.Release|Any CPU.ActiveCfg = Release|Any CPU
		{2AB5B21F-F2BF-4389-A878-799509633F53}.Release|Any CPU.Build.0 = Release|Any CPU
		{2AB5B21F-F2BF-4389-A878-799509633F53}.Release|x86.ActiveCfg = Release|Any CPU
		{7AAA58E9-F8DC-48D9-92AD-CDC0AD796A7A}.Debug|Any CPU.ActiveCfg = Debug|Any CPU
		{7AAA58E9-F8DC-48D9-92AD-CDC0AD796A7A}.Debug|Any CPU.Build.0 = Debug|Any CPU
		{7AAA58E9-F8DC-48D9-92AD-CDC0AD796A7A}.Debug|x86.ActiveCfg = Debug|Any CPU
		{7AAA58E9-F8DC-48D9-92AD-CDC0AD796A7A}.Release|Any CPU.ActiveCfg = Release|Any CPU
		{7AAA58E9-F8DC-48D9-92AD-CDC0AD796A7A}.Release|Any CPU.Build.0 = Release|Any CPU
		{7AAA58E9-F8DC-48D9-92AD-CDC0AD796A7A}.Release|x86.ActiveCfg = Release|Any CPU
		{33D5B32F-5973-462F-AEF9-A0E897620D68}.Debug|Any CPU.ActiveCfg = Debug|Any CPU
		{33D5B32F-5973-462F-AEF9-A0E897620D68}.Debug|Any CPU.Build.0 = Debug|Any CPU
		{33D5B32F-5973-462F-AEF9-A0E897620D68}.Debug|x86.ActiveCfg = Debug|Any CPU
		{33D5B32F-5973-462F-AEF9-A0E897620D68}.Release|Any CPU.ActiveCfg = Release|Any CPU
		{33D5B32F-5973-462F-AEF9-A0E897620D68}.Release|Any CPU.Build.0 = Release|Any CPU
		{33D5B32F-5973-462F-AEF9-A0E897620D68}.Release|x86.ActiveCfg = Release|Any CPU
		{FED9896F-E5A2-4F7C-8C4C-2381A6170984}.Debug|Any CPU.ActiveCfg = Debug|Any CPU
		{FED9896F-E5A2-4F7C-8C4C-2381A6170984}.Debug|Any CPU.Build.0 = Debug|Any CPU
		{FED9896F-E5A2-4F7C-8C4C-2381A6170984}.Debug|x86.ActiveCfg = Debug|Any CPU
		{FED9896F-E5A2-4F7C-8C4C-2381A6170984}.Release|Any CPU.ActiveCfg = Release|Any CPU
		{FED9896F-E5A2-4F7C-8C4C-2381A6170984}.Release|Any CPU.Build.0 = Release|Any CPU
		{FED9896F-E5A2-4F7C-8C4C-2381A6170984}.Release|x86.ActiveCfg = Release|Any CPU
		{D8DD162C-72CC-45AE-9B54-AA27F5D9ED4F}.Debug|Any CPU.ActiveCfg = Debug|Any CPU
		{D8DD162C-72CC-45AE-9B54-AA27F5D9ED4F}.Debug|Any CPU.Build.0 = Debug|Any CPU
		{D8DD162C-72CC-45AE-9B54-AA27F5D9ED4F}.Debug|x86.ActiveCfg = Debug|Any CPU
		{D8DD162C-72CC-45AE-9B54-AA27F5D9ED4F}.Release|Any CPU.ActiveCfg = Release|Any CPU
		{D8DD162C-72CC-45AE-9B54-AA27F5D9ED4F}.Release|Any CPU.Build.0 = Release|Any CPU
		{D8DD162C-72CC-45AE-9B54-AA27F5D9ED4F}.Release|x86.ActiveCfg = Release|Any CPU
		{FF058F8C-6516-4568-922D-068611BE4754}.Debug|Any CPU.ActiveCfg = Debug|Any CPU
		{FF058F8C-6516-4568-922D-068611BE4754}.Debug|Any CPU.Build.0 = Debug|Any CPU
		{FF058F8C-6516-4568-922D-068611BE4754}.Debug|x86.ActiveCfg = Debug|Any CPU
		{FF058F8C-6516-4568-922D-068611BE4754}.Release|Any CPU.ActiveCfg = Release|Any CPU
		{FF058F8C-6516-4568-922D-068611BE4754}.Release|Any CPU.Build.0 = Release|Any CPU
		{FF058F8C-6516-4568-922D-068611BE4754}.Release|x86.ActiveCfg = Release|Any CPU
		{E2A9E84A-456B-42B6-9972-883536F6EBF0}.Debug|Any CPU.ActiveCfg = Debug|Any CPU
		{E2A9E84A-456B-42B6-9972-883536F6EBF0}.Debug|Any CPU.Build.0 = Debug|Any CPU
		{E2A9E84A-456B-42B6-9972-883536F6EBF0}.Debug|x86.ActiveCfg = Debug|Any CPU
		{E2A9E84A-456B-42B6-9972-883536F6EBF0}.Release|Any CPU.ActiveCfg = Release|Any CPU
		{E2A9E84A-456B-42B6-9972-883536F6EBF0}.Release|Any CPU.Build.0 = Release|Any CPU
		{E2A9E84A-456B-42B6-9972-883536F6EBF0}.Release|x86.ActiveCfg = Release|Any CPU
		{14CD3C1F-07B0-4AC1-8E62-2D6D821205A9}.Debug|Any CPU.ActiveCfg = Debug|Any CPU
		{14CD3C1F-07B0-4AC1-8E62-2D6D821205A9}.Debug|Any CPU.Build.0 = Debug|Any CPU
		{14CD3C1F-07B0-4AC1-8E62-2D6D821205A9}.Debug|x86.ActiveCfg = Debug|Any CPU
		{14CD3C1F-07B0-4AC1-8E62-2D6D821205A9}.Release|Any CPU.ActiveCfg = Release|Any CPU
		{14CD3C1F-07B0-4AC1-8E62-2D6D821205A9}.Release|Any CPU.Build.0 = Release|Any CPU
		{14CD3C1F-07B0-4AC1-8E62-2D6D821205A9}.Release|x86.ActiveCfg = Release|Any CPU
		{9F4F088D-CF30-43DA-A35E-0E7E863BB9B3}.Debug|Any CPU.ActiveCfg = Debug|Any CPU
		{9F4F088D-CF30-43DA-A35E-0E7E863BB9B3}.Debug|Any CPU.Build.0 = Debug|Any CPU
		{9F4F088D-CF30-43DA-A35E-0E7E863BB9B3}.Debug|x86.ActiveCfg = Debug|Any CPU
		{9F4F088D-CF30-43DA-A35E-0E7E863BB9B3}.Release|Any CPU.ActiveCfg = Release|Any CPU
		{9F4F088D-CF30-43DA-A35E-0E7E863BB9B3}.Release|Any CPU.Build.0 = Release|Any CPU
		{9F4F088D-CF30-43DA-A35E-0E7E863BB9B3}.Release|x86.ActiveCfg = Release|Any CPU
		{8797BC3B-9C77-4781-A04F-3D32B208CFBF}.Debug|Any CPU.ActiveCfg = Debug|Any CPU
		{8797BC3B-9C77-4781-A04F-3D32B208CFBF}.Debug|Any CPU.Build.0 = Debug|Any CPU
		{8797BC3B-9C77-4781-A04F-3D32B208CFBF}.Debug|x86.ActiveCfg = Debug|Any CPU
		{8797BC3B-9C77-4781-A04F-3D32B208CFBF}.Release|Any CPU.ActiveCfg = Release|Any CPU
		{8797BC3B-9C77-4781-A04F-3D32B208CFBF}.Release|Any CPU.Build.0 = Release|Any CPU
		{8797BC3B-9C77-4781-A04F-3D32B208CFBF}.Release|x86.ActiveCfg = Release|Any CPU
		{D165C4AE-862E-433B-B92D-E56A08C3952A}.Debug|Any CPU.ActiveCfg = Debug|Any CPU
		{D165C4AE-862E-433B-B92D-E56A08C3952A}.Debug|Any CPU.Build.0 = Debug|Any CPU
		{D165C4AE-862E-433B-B92D-E56A08C3952A}.Debug|x86.ActiveCfg = Debug|Any CPU
		{D165C4AE-862E-433B-B92D-E56A08C3952A}.Release|Any CPU.ActiveCfg = Release|Any CPU
		{D165C4AE-862E-433B-B92D-E56A08C3952A}.Release|Any CPU.Build.0 = Release|Any CPU
		{D165C4AE-862E-433B-B92D-E56A08C3952A}.Release|x86.ActiveCfg = Release|Any CPU
		{FD3F0689-5E9A-4CEC-8257-4CB3057AE013}.Debug|Any CPU.ActiveCfg = Debug|Any CPU
		{FD3F0689-5E9A-4CEC-8257-4CB3057AE013}.Debug|Any CPU.Build.0 = Debug|Any CPU
		{FD3F0689-5E9A-4CEC-8257-4CB3057AE013}.Debug|x86.ActiveCfg = Debug|Any CPU
		{FD3F0689-5E9A-4CEC-8257-4CB3057AE013}.Release|Any CPU.ActiveCfg = Release|Any CPU
		{FD3F0689-5E9A-4CEC-8257-4CB3057AE013}.Release|Any CPU.Build.0 = Release|Any CPU
		{FD3F0689-5E9A-4CEC-8257-4CB3057AE013}.Release|x86.ActiveCfg = Release|Any CPU
		{289AAB64-1EAF-4579-B5F8-53ECE298451D}.Debug|Any CPU.ActiveCfg = Debug|Any CPU
		{289AAB64-1EAF-4579-B5F8-53ECE298451D}.Debug|Any CPU.Build.0 = Debug|Any CPU
		{289AAB64-1EAF-4579-B5F8-53ECE298451D}.Debug|x86.ActiveCfg = Debug|Any CPU
		{289AAB64-1EAF-4579-B5F8-53ECE298451D}.Release|Any CPU.ActiveCfg = Release|Any CPU
		{289AAB64-1EAF-4579-B5F8-53ECE298451D}.Release|Any CPU.Build.0 = Release|Any CPU
		{289AAB64-1EAF-4579-B5F8-53ECE298451D}.Release|x86.ActiveCfg = Release|Any CPU
		{A363F0BD-2CE7-4CB1-98B6-8E3BC3ECA3A6}.Debug|Any CPU.ActiveCfg = Debug|Any CPU
		{A363F0BD-2CE7-4CB1-98B6-8E3BC3ECA3A6}.Debug|Any CPU.Build.0 = Debug|Any CPU
		{A363F0BD-2CE7-4CB1-98B6-8E3BC3ECA3A6}.Debug|x86.ActiveCfg = Debug|Any CPU
		{A363F0BD-2CE7-4CB1-98B6-8E3BC3ECA3A6}.Release|Any CPU.ActiveCfg = Release|Any CPU
		{A363F0BD-2CE7-4CB1-98B6-8E3BC3ECA3A6}.Release|Any CPU.Build.0 = Release|Any CPU
		{A363F0BD-2CE7-4CB1-98B6-8E3BC3ECA3A6}.Release|x86.ActiveCfg = Release|Any CPU
		{8E07A99B-5F22-4189-8AE9-9FA233DC3C82}.Debug|Any CPU.ActiveCfg = Debug|Any CPU
		{8E07A99B-5F22-4189-8AE9-9FA233DC3C82}.Debug|Any CPU.Build.0 = Debug|Any CPU
		{8E07A99B-5F22-4189-8AE9-9FA233DC3C82}.Debug|x86.ActiveCfg = Debug|Any CPU
		{8E07A99B-5F22-4189-8AE9-9FA233DC3C82}.Release|Any CPU.ActiveCfg = Release|Any CPU
		{8E07A99B-5F22-4189-8AE9-9FA233DC3C82}.Release|Any CPU.Build.0 = Release|Any CPU
		{8E07A99B-5F22-4189-8AE9-9FA233DC3C82}.Release|x86.ActiveCfg = Release|Any CPU
		{0ADCBE07-FB3B-4964-9817-7F47B7C18CB9}.Debug|Any CPU.ActiveCfg = Debug|Any CPU
		{0ADCBE07-FB3B-4964-9817-7F47B7C18CB9}.Debug|Any CPU.Build.0 = Debug|Any CPU
		{0ADCBE07-FB3B-4964-9817-7F47B7C18CB9}.Debug|x86.ActiveCfg = Debug|Any CPU
		{0ADCBE07-FB3B-4964-9817-7F47B7C18CB9}.Release|Any CPU.ActiveCfg = Release|Any CPU
		{0ADCBE07-FB3B-4964-9817-7F47B7C18CB9}.Release|Any CPU.Build.0 = Release|Any CPU
		{0ADCBE07-FB3B-4964-9817-7F47B7C18CB9}.Release|x86.ActiveCfg = Release|Any CPU
	EndGlobalSection
	GlobalSection(SolutionProperties) = preSolution
		HideSolutionNode = FALSE
	EndGlobalSection
	GlobalSection(NestedProjects) = preSolution
		{FBE117AE-9E95-43F3-A812-0F83F40BC3DB} = {684D6571-22D3-4FAC-B9B8-721FA484A22A}
		{FB367D02-2C85-4247-ADED-D5CC858FFEB3} = {684D6571-22D3-4FAC-B9B8-721FA484A22A}
		{FCA96C4F-F12B-4BC7-8BF1-D21A9E878DA2} = {F9D18224-B21D-4568-B6E7-0B88B35DF6E3}
		{12DDF59E-549D-4929-865A-1BBAB466F1E7} = {3499F85D-56F6-4472-9F33-EF8B7327E836}
		{57353E30-A494-4256-8FDC-53B90F40C982} = {F9D18224-B21D-4568-B6E7-0B88B35DF6E3}
		{6DFA0C5E-1E6A-424C-A6D2-E2162756FC4E} = {F9D18224-B21D-4568-B6E7-0B88B35DF6E3}
		{6F9E6F76-C1DC-46EC-9A64-A554FBF3D3D4} = {3499F85D-56F6-4472-9F33-EF8B7327E836}
		{4156F982-4114-498B-B681-05D8C7D75DC2} = {8951E21B-C482-4E06-99BE-3E07645896E0}
		{03712FD5-7474-4767-996E-B9E8DE891B26} = {8951E21B-C482-4E06-99BE-3E07645896E0}
		{7EFF3F5A-4EFB-4C63-A5CA-0C42294108D0} = {8951E21B-C482-4E06-99BE-3E07645896E0}
		{B3E7482D-23AC-4F8F-9A0D-B2375E86C7BE} = {8951E21B-C482-4E06-99BE-3E07645896E0}
		{2B1F6548-3CB9-4BB4-8B23-89050C4B60B8} = {8951E21B-C482-4E06-99BE-3E07645896E0}
		{1A557D46-6394-4FC6-9F0E-33A175F299E5} = {8951E21B-C482-4E06-99BE-3E07645896E0}
		{A1269393-9F77-49C7-A734-5643C6E5FF63} = {D0AF06ED-3CF3-4A66-8643-F337AFA482C2}
		{C8CCAE9A-B555-4EB3-B4E2-F2D6DCF91256} = {D0AF06ED-3CF3-4A66-8643-F337AFA482C2}
		{DC870F02-7767-491C-886B-C3C78B6E9A34} = {886AFE4B-8CEB-4BCF-A1A2-6707BE589790}
		{5922BFD6-F4EA-4829-A6B4-5C85DC578954} = {886AFE4B-8CEB-4BCF-A1A2-6707BE589790}
		{EA7C54B1-9FD8-469E-AF23-6A179FBC93EA} = {886AFE4B-8CEB-4BCF-A1A2-6707BE589790}
		{2AB5B21F-F2BF-4389-A878-799509633F53} = {886AFE4B-8CEB-4BCF-A1A2-6707BE589790}
		{7AAA58E9-F8DC-48D9-92AD-CDC0AD796A7A} = {886AFE4B-8CEB-4BCF-A1A2-6707BE589790}
		{33D5B32F-5973-462F-AEF9-A0E897620D68} = {886AFE4B-8CEB-4BCF-A1A2-6707BE589790}
		{FED9896F-E5A2-4F7C-8C4C-2381A6170984} = {D0AF06ED-3CF3-4A66-8643-F337AFA482C2}
		{D8DD162C-72CC-45AE-9B54-AA27F5D9ED4F} = {D0AF06ED-3CF3-4A66-8643-F337AFA482C2}
		{FF058F8C-6516-4568-922D-068611BE4754} = {8F124507-AB5F-4DD8-9F17-2C9598A7ADEF}
		{E2A9E84A-456B-42B6-9972-883536F6EBF0} = {8F124507-AB5F-4DD8-9F17-2C9598A7ADEF}
		{14CD3C1F-07B0-4AC1-8E62-2D6D821205A9} = {8F124507-AB5F-4DD8-9F17-2C9598A7ADEF}
		{9F4F088D-CF30-43DA-A35E-0E7E863BB9B3} = {8F124507-AB5F-4DD8-9F17-2C9598A7ADEF}
		{8797BC3B-9C77-4781-A04F-3D32B208CFBF} = {D0AF06ED-3CF3-4A66-8643-F337AFA482C2}
		{D165C4AE-862E-433B-B92D-E56A08C3952A} = {7C12F0E8-62D3-4832-8406-2B2AA8277D50}
		{FD3F0689-5E9A-4CEC-8257-4CB3057AE013} = {7C12F0E8-62D3-4832-8406-2B2AA8277D50}
		{289AAB64-1EAF-4579-B5F8-53ECE298451D} = {7C12F0E8-62D3-4832-8406-2B2AA8277D50}
		{A363F0BD-2CE7-4CB1-98B6-8E3BC3ECA3A6} = {7C12F0E8-62D3-4832-8406-2B2AA8277D50}
		{8E07A99B-5F22-4189-8AE9-9FA233DC3C82} = {7C12F0E8-62D3-4832-8406-2B2AA8277D50}
		{0ADCBE07-FB3B-4964-9817-7F47B7C18CB9} = {684D6571-22D3-4FAC-B9B8-721FA484A22A}
	EndGlobalSection
EndGlobal
