
Microsoft Visual Studio Solution File, Format Version 12.00
# Visual Studio 2013
Project("{FAE04EC0-301F-11D3-BF4B-00C04F79EFBC}") = "ZHSMSPlatform", "ZHSMSPlatform\ZHSMSPlatform.csproj", "{F2472369-0755-4224-A73D-192859D01B93}"
EndProject
Project("{FAE04EC0-301F-11D3-BF4B-00C04F79EFBC}") = "Model", "Model\Model.csproj", "{125DFF29-0204-44D3-9C46-9E66738B4B27}"
EndProject
Project("{FAE04EC0-301F-11D3-BF4B-00C04F79EFBC}") = "DAL", "DAL\DAL.csproj", "{7AAA58E9-F8DC-48D9-92AD-CDC0AD796A7A}"
EndProject
Project("{FAE04EC0-301F-11D3-BF4B-00C04F79EFBC}") = "BLL", "BLL\BLL.csproj", "{2AB5B21F-F2BF-4389-A878-799509633F53}"
EndProject
Project("{FAE04EC0-301F-11D3-BF4B-00C04F79EFBC}") = "DBUtility", "DBUtility\DBUtility.csproj", "{33D5B32F-5973-462F-AEF9-A0E897620D68}"
EndProject
Project("{FAE04EC0-301F-11D3-BF4B-00C04F79EFBC}") = "ZHSMSPlatInterface", "ZHSMSPlatInterface\ZHSMSPlatInterface.csproj", "{5922BFD6-F4EA-4829-A6B4-5C85DC578954}"
EndProject
Project("{FAE04EC0-301F-11D3-BF4B-00C04F79EFBC}") = "ZHSMSService", "ZHSMSService\ZHSMSService.csproj", "{EA7C54B1-9FD8-469E-AF23-6A179FBC93EA}"
EndProject
Project("{FAE04EC0-301F-11D3-BF4B-00C04F79EFBC}") = "ZHSMSPlatHost", "ZHSMSPlatHost\ZHSMSPlatHost.csproj", "{DC870F02-7767-491C-886B-C3C78B6E9A34}"
EndProject
Project("{FAE04EC0-301F-11D3-BF4B-00C04F79EFBC}") = "SMSModel", "..\ZHSMS\SMSModel\SMSModel.csproj", "{C72246FB-D27F-4C92-B04F-F2FF1606EF50}"
EndProject
Project("{FAE04EC0-301F-11D3-BF4B-00C04F79EFBC}") = "MQAccess", "..\Common\MQAccess\MQAccess.csproj", "{EDC3A8CD-3B87-48DF-8BC3-059E5A719626}"
EndProject
Project("{FAE04EC0-301F-11D3-BF4B-00C04F79EFBC}") = "Utils", "..\Common\CommonUtils\Utils.csproj", "{A1269393-9F77-49C7-A734-5643C6E5FF63}"
EndProject
Project("{FAE04EC0-301F-11D3-BF4B-00C04F79EFBC}") = "Monitoring", "..\Common\Monitoring\Monitoring.csproj", "{C8CCAE9A-B555-4EB3-B4E2-F2D6DCF91256}"
EndProject
Project("{FAE04EC0-301F-11D3-BF4B-00C04F79EFBC}") = "IService", "..\SmsGUI\ServiceManageWin\IService\IService.csproj", "{1B6B409F-5F7E-4DF2-9C96-174D3E2D364A}"
EndProject
Global
	GlobalSection(SolutionConfigurationPlatforms) = preSolution
		Debug|Any CPU = Debug|Any CPU
		Release|Any CPU = Release|Any CPU
	EndGlobalSection
	GlobalSection(ProjectConfigurationPlatforms) = postSolution
		{F2472369-0755-4224-A73D-192859D01B93}.Debug|Any CPU.ActiveCfg = Debug|Any CPU
		{F2472369-0755-4224-A73D-192859D01B93}.Debug|Any CPU.Build.0 = Debug|Any CPU
		{F2472369-0755-4224-A73D-192859D01B93}.Release|Any CPU.ActiveCfg = Release|Any CPU
		{F2472369-0755-4224-A73D-192859D01B93}.Release|Any CPU.Build.0 = Release|Any CPU
		{125DFF29-0204-44D3-9C46-9E66738B4B27}.Debug|Any CPU.ActiveCfg = Debug|Any CPU
		{125DFF29-0204-44D3-9C46-9E66738B4B27}.Debug|Any CPU.Build.0 = Debug|Any CPU
		{125DFF29-0204-44D3-9C46-9E66738B4B27}.Release|Any CPU.ActiveCfg = Release|Any CPU
		{125DFF29-0204-44D3-9C46-9E66738B4B27}.Release|Any CPU.Build.0 = Release|Any CPU
		{7AAA58E9-F8DC-48D9-92AD-CDC0AD796A7A}.Debug|Any CPU.ActiveCfg = Debug|Any CPU
		{7AAA58E9-F8DC-48D9-92AD-CDC0AD796A7A}.Debug|Any CPU.Build.0 = Debug|Any CPU
		{7AAA58E9-F8DC-48D9-92AD-CDC0AD796A7A}.Release|Any CPU.ActiveCfg = Release|Any CPU
		{7AAA58E9-F8DC-48D9-92AD-CDC0AD796A7A}.Release|Any CPU.Build.0 = Release|Any CPU
		{2AB5B21F-F2BF-4389-A878-799509633F53}.Debug|Any CPU.ActiveCfg = Debug|Any CPU
		{2AB5B21F-F2BF-4389-A878-799509633F53}.Debug|Any CPU.Build.0 = Debug|Any CPU
		{2AB5B21F-F2BF-4389-A878-799509633F53}.Release|Any CPU.ActiveCfg = Release|Any CPU
		{2AB5B21F-F2BF-4389-A878-799509633F53}.Release|Any CPU.Build.0 = Release|Any CPU
		{33D5B32F-5973-462F-AEF9-A0E897620D68}.Debug|Any CPU.ActiveCfg = Debug|Any CPU
		{33D5B32F-5973-462F-AEF9-A0E897620D68}.Debug|Any CPU.Build.0 = Debug|Any CPU
		{33D5B32F-5973-462F-AEF9-A0E897620D68}.Release|Any CPU.ActiveCfg = Release|Any CPU
		{33D5B32F-5973-462F-AEF9-A0E897620D68}.Release|Any CPU.Build.0 = Release|Any CPU
		{5922BFD6-F4EA-4829-A6B4-5C85DC578954}.Debug|Any CPU.ActiveCfg = Debug|Any CPU
		{5922BFD6-F4EA-4829-A6B4-5C85DC578954}.Debug|Any CPU.Build.0 = Debug|Any CPU
		{5922BFD6-F4EA-4829-A6B4-5C85DC578954}.Release|Any CPU.ActiveCfg = Release|Any CPU
		{5922BFD6-F4EA-4829-A6B4-5C85DC578954}.Release|Any CPU.Build.0 = Release|Any CPU
		{EA7C54B1-9FD8-469E-AF23-6A179FBC93EA}.Debug|Any CPU.ActiveCfg = Debug|Any CPU
		{EA7C54B1-9FD8-469E-AF23-6A179FBC93EA}.Debug|Any CPU.Build.0 = Debug|Any CPU
		{EA7C54B1-9FD8-469E-AF23-6A179FBC93EA}.Release|Any CPU.ActiveCfg = Release|Any CPU
		{EA7C54B1-9FD8-469E-AF23-6A179FBC93EA}.Release|Any CPU.Build.0 = Release|Any CPU
		{DC870F02-7767-491C-886B-C3C78B6E9A34}.Debug|Any CPU.ActiveCfg = Debug|Any CPU
		{DC870F02-7767-491C-886B-C3C78B6E9A34}.Debug|Any CPU.Build.0 = Debug|Any CPU
		{DC870F02-7767-491C-886B-C3C78B6E9A34}.Release|Any CPU.ActiveCfg = Release|Any CPU
		{DC870F02-7767-491C-886B-C3C78B6E9A34}.Release|Any CPU.Build.0 = Release|Any CPU
		{C72246FB-D27F-4C92-B04F-F2FF1606EF50}.Debug|Any CPU.ActiveCfg = Debug|Any CPU
		{C72246FB-D27F-4C92-B04F-F2FF1606EF50}.Debug|Any CPU.Build.0 = Debug|Any CPU
		{C72246FB-D27F-4C92-B04F-F2FF1606EF50}.Release|Any CPU.ActiveCfg = Release|Any CPU
		{C72246FB-D27F-4C92-B04F-F2FF1606EF50}.Release|Any CPU.Build.0 = Release|Any CPU
		{EDC3A8CD-3B87-48DF-8BC3-059E5A719626}.Debug|Any CPU.ActiveCfg = Debug|Any CPU
		{EDC3A8CD-3B87-48DF-8BC3-059E5A719626}.Debug|Any CPU.Build.0 = Debug|Any CPU
		{EDC3A8CD-3B87-48DF-8BC3-059E5A719626}.Release|Any CPU.ActiveCfg = Release|Any CPU
		{EDC3A8CD-3B87-48DF-8BC3-059E5A719626}.Release|Any CPU.Build.0 = Release|Any CPU
		{A1269393-9F77-49C7-A734-5643C6E5FF63}.Debug|Any CPU.ActiveCfg = Debug|Any CPU
		{A1269393-9F77-49C7-A734-5643C6E5FF63}.Debug|Any CPU.Build.0 = Debug|Any CPU
		{A1269393-9F77-49C7-A734-5643C6E5FF63}.Release|Any CPU.ActiveCfg = Release|Any CPU
		{A1269393-9F77-49C7-A734-5643C6E5FF63}.Release|Any CPU.Build.0 = Release|Any CPU
		{C8CCAE9A-B555-4EB3-B4E2-F2D6DCF91256}.Debug|Any CPU.ActiveCfg = Debug|Any CPU
		{C8CCAE9A-B555-4EB3-B4E2-F2D6DCF91256}.Debug|Any CPU.Build.0 = Debug|Any CPU
		{C8CCAE9A-B555-4EB3-B4E2-F2D6DCF91256}.Release|Any CPU.ActiveCfg = Release|Any CPU
		{C8CCAE9A-B555-4EB3-B4E2-F2D6DCF91256}.Release|Any CPU.Build.0 = Release|Any CPU
		{1B6B409F-5F7E-4DF2-9C96-174D3E2D364A}.Debug|Any CPU.ActiveCfg = Debug|Any CPU
		{1B6B409F-5F7E-4DF2-9C96-174D3E2D364A}.Debug|Any CPU.Build.0 = Debug|Any CPU
		{1B6B409F-5F7E-4DF2-9C96-174D3E2D364A}.Release|Any CPU.ActiveCfg = Release|Any CPU
		{1B6B409F-5F7E-4DF2-9C96-174D3E2D364A}.Release|Any CPU.Build.0 = Release|Any CPU
	EndGlobalSection
	GlobalSection(SolutionProperties) = preSolution
		HideSolutionNode = FALSE
	EndGlobalSection
EndGlobal
