
Microsoft Visual Studio Solution File, Format Version 12.00
# Visual Studio 2013
VisualStudioVersion = 12.0.40629.0
MinimumVisualStudioVersion = 10.0.40219.1
Project("{FAE04EC0-301F-11D3-BF4B-00C04F79EFBC}") = "ISMP-SMS", "ISMP-SMS\ISMP-SMS.csproj", "{60A0148B-19C7-44CC-960F-B2E47BF5D7C5}"
EndProject
Project("{FAE04EC0-301F-11D3-BF4B-00C04F79EFBC}") = "ISMPInterface", "..\..\ISMP\ISMPInterface\ISMPInterface.csproj", "{8E07A99B-5F22-4189-8AE9-9FA233DC3C82}"
EndProject
Project("{2150E333-8FDC-42A3-9474-1A3956D46DE8}") = "ISMP", "ISMP", "{B7BCD4B1-D7A6-4AC0-97C7-FC680F244F63}"
EndProject
Project("{2150E333-8FDC-42A3-9474-1A3956D46DE8}") = "SMS", "SMS", "{E4146455-342A-41CB-9951-CB75D4FADA07}"
EndProject
Project("{2150E333-8FDC-42A3-9474-1A3956D46DE8}") = "Common", "Common", "{2616ED17-1DF3-403D-9354-2864E2E3C555}"
EndProject
Project("{FAE04EC0-301F-11D3-BF4B-00C04F79EFBC}") = "ISMPModel", "..\..\ISMP\ISMPModel\ISMPModel.csproj", "{A363F0BD-2CE7-4CB1-98B6-8E3BC3ECA3A6}"
EndProject
Project("{FAE04EC0-301F-11D3-BF4B-00C04F79EFBC}") = "Utils", "..\..\..\..\..\Common\CommonUtils\Utils.csproj", "{A1269393-9F77-49C7-A734-5643C6E5FF63}"
EndProject
Project("{FAE04EC0-301F-11D3-BF4B-00C04F79EFBC}") = "SMS.Model", "..\..\..\..\..\SMS\project\SMS\SMS.Model\SMS.Model.csproj", "{2336878E-F17F-43B3-B109-570A1FF393F1}"
EndProject
Project("{FAE04EC0-301F-11D3-BF4B-00C04F79EFBC}") = "SMS.Util", "..\..\..\..\..\SMS\project\SMS\SMS.Util\SMS.Util.csproj", "{E2A9E84A-456B-42B6-9972-883536F6EBF0}"
EndProject
Project("{FAE04EC0-301F-11D3-BF4B-00C04F79EFBC}") = "SMSPlatformInterface", "..\..\..\..\..\SMS\project\SMS\SMSPlatformInterface\SMSPlatformInterface.csproj", "{A194C8B6-CB23-48B1-A709-5A05A78E5C34}"
EndProject
Project("{FAE04EC0-301F-11D3-BF4B-00C04F79EFBC}") = "SMSPlatform.DAL", "..\..\..\..\..\SMS\project\SMS\SMSPlatform.DAL\SMSPlatform.DAL.csproj", "{DFFE9C10-F4A2-4551-A1FF-3F7EDBCF6B1F}"
EndProject
Project("{FAE04EC0-301F-11D3-BF4B-00C04F79EFBC}") = "DBTools", "..\..\..\..\..\SMS\project\SMS\DBTools\DBTools.csproj", "{FED9896F-E5A2-4F7C-8C4C-2381A6170984}"
EndProject
Project("{FAE04EC0-301F-11D3-BF4B-00C04F79EFBC}") = "SMS.DB", "..\..\..\..\..\SMS\project\SMS\SMS.DB\SMS.DB.csproj", "{DE3B9085-2FB7-429B-AC31-00B590ED9F92}"
EndProject
Project("{FAE04EC0-301F-11D3-BF4B-00C04F79EFBC}") = "MessageTools", "..\..\..\..\..\SMS\project\SMS\MessageTools\MessageTools.csproj", "{D8DD162C-72CC-45AE-9B54-AA27F5D9ED4F}"
EndProject
Global
	GlobalSection(SolutionConfigurationPlatforms) = preSolution
		Debug|Any CPU = Debug|Any CPU
		Release|Any CPU = Release|Any CPU
	EndGlobalSection
	GlobalSection(ProjectConfigurationPlatforms) = postSolution
		{60A0148B-19C7-44CC-960F-B2E47BF5D7C5}.Debug|Any CPU.ActiveCfg = Debug|Any CPU
		{60A0148B-19C7-44CC-960F-B2E47BF5D7C5}.Debug|Any CPU.Build.0 = Debug|Any CPU
		{60A0148B-19C7-44CC-960F-B2E47BF5D7C5}.Release|Any CPU.ActiveCfg = Release|Any CPU
		{60A0148B-19C7-44CC-960F-B2E47BF5D7C5}.Release|Any CPU.Build.0 = Release|Any CPU
		{8E07A99B-5F22-4189-8AE9-9FA233DC3C82}.Debug|Any CPU.ActiveCfg = Debug|Any CPU
		{8E07A99B-5F22-4189-8AE9-9FA233DC3C82}.Debug|Any CPU.Build.0 = Debug|Any CPU
		{8E07A99B-5F22-4189-8AE9-9FA233DC3C82}.Release|Any CPU.ActiveCfg = Release|Any CPU
		{8E07A99B-5F22-4189-8AE9-9FA233DC3C82}.Release|Any CPU.Build.0 = Release|Any CPU
		{A363F0BD-2CE7-4CB1-98B6-8E3BC3ECA3A6}.Debug|Any CPU.ActiveCfg = Debug|Any CPU
		{A363F0BD-2CE7-4CB1-98B6-8E3BC3ECA3A6}.Debug|Any CPU.Build.0 = Debug|Any CPU
		{A363F0BD-2CE7-4CB1-98B6-8E3BC3ECA3A6}.Release|Any CPU.ActiveCfg = Release|Any CPU
		{A363F0BD-2CE7-4CB1-98B6-8E3BC3ECA3A6}.Release|Any CPU.Build.0 = Release|Any CPU
		{A1269393-9F77-49C7-A734-5643C6E5FF63}.Debug|Any CPU.ActiveCfg = Debug|Any CPU
		{A1269393-9F77-49C7-A734-5643C6E5FF63}.Debug|Any CPU.Build.0 = Debug|Any CPU
		{A1269393-9F77-49C7-A734-5643C6E5FF63}.Release|Any CPU.ActiveCfg = Release|Any CPU
		{A1269393-9F77-49C7-A734-5643C6E5FF63}.Release|Any CPU.Build.0 = Release|Any CPU
		{2336878E-F17F-43B3-B109-570A1FF393F1}.Debug|Any CPU.ActiveCfg = Debug|Any CPU
		{2336878E-F17F-43B3-B109-570A1FF393F1}.Debug|Any CPU.Build.0 = Debug|Any CPU
		{2336878E-F17F-43B3-B109-570A1FF393F1}.Release|Any CPU.ActiveCfg = Release|Any CPU
		{2336878E-F17F-43B3-B109-570A1FF393F1}.Release|Any CPU.Build.0 = Release|Any CPU
		{E2A9E84A-456B-42B6-9972-883536F6EBF0}.Debug|Any CPU.ActiveCfg = Debug|Any CPU
		{E2A9E84A-456B-42B6-9972-883536F6EBF0}.Debug|Any CPU.Build.0 = Debug|Any CPU
		{E2A9E84A-456B-42B6-9972-883536F6EBF0}.Release|Any CPU.ActiveCfg = Release|Any CPU
		{E2A9E84A-456B-42B6-9972-883536F6EBF0}.Release|Any CPU.Build.0 = Release|Any CPU
		{A194C8B6-CB23-48B1-A709-5A05A78E5C34}.Debug|Any CPU.ActiveCfg = Debug|Any CPU
		{A194C8B6-CB23-48B1-A709-5A05A78E5C34}.Debug|Any CPU.Build.0 = Debug|Any CPU
		{A194C8B6-CB23-48B1-A709-5A05A78E5C34}.Release|Any CPU.ActiveCfg = Release|Any CPU
		{A194C8B6-CB23-48B1-A709-5A05A78E5C34}.Release|Any CPU.Build.0 = Release|Any CPU
		{DFFE9C10-F4A2-4551-A1FF-3F7EDBCF6B1F}.Debug|Any CPU.ActiveCfg = Debug|Any CPU
		{DFFE9C10-F4A2-4551-A1FF-3F7EDBCF6B1F}.Debug|Any CPU.Build.0 = Debug|Any CPU
		{DFFE9C10-F4A2-4551-A1FF-3F7EDBCF6B1F}.Release|Any CPU.ActiveCfg = Release|Any CPU
		{DFFE9C10-F4A2-4551-A1FF-3F7EDBCF6B1F}.Release|Any CPU.Build.0 = Release|Any CPU
		{FED9896F-E5A2-4F7C-8C4C-2381A6170984}.Debug|Any CPU.ActiveCfg = Debug|Any CPU
		{FED9896F-E5A2-4F7C-8C4C-2381A6170984}.Debug|Any CPU.Build.0 = Debug|Any CPU
		{FED9896F-E5A2-4F7C-8C4C-2381A6170984}.Release|Any CPU.ActiveCfg = Release|Any CPU
		{FED9896F-E5A2-4F7C-8C4C-2381A6170984}.Release|Any CPU.Build.0 = Release|Any CPU
		{DE3B9085-2FB7-429B-AC31-00B590ED9F92}.Debug|Any CPU.ActiveCfg = Debug|Any CPU
		{DE3B9085-2FB7-429B-AC31-00B590ED9F92}.Debug|Any CPU.Build.0 = Debug|Any CPU
		{DE3B9085-2FB7-429B-AC31-00B590ED9F92}.Release|Any CPU.ActiveCfg = Release|Any CPU
		{DE3B9085-2FB7-429B-AC31-00B590ED9F92}.Release|Any CPU.Build.0 = Release|Any CPU
		{D8DD162C-72CC-45AE-9B54-AA27F5D9ED4F}.Debug|Any CPU.ActiveCfg = Debug|Any CPU
		{D8DD162C-72CC-45AE-9B54-AA27F5D9ED4F}.Debug|Any CPU.Build.0 = Debug|Any CPU
		{D8DD162C-72CC-45AE-9B54-AA27F5D9ED4F}.Release|Any CPU.ActiveCfg = Release|Any CPU
		{D8DD162C-72CC-45AE-9B54-AA27F5D9ED4F}.Release|Any CPU.Build.0 = Release|Any CPU
	EndGlobalSection
	GlobalSection(SolutionProperties) = preSolution
		HideSolutionNode = FALSE
	EndGlobalSection
	GlobalSection(NestedProjects) = preSolution
		{8E07A99B-5F22-4189-8AE9-9FA233DC3C82} = {B7BCD4B1-D7A6-4AC0-97C7-FC680F244F63}
		{A363F0BD-2CE7-4CB1-98B6-8E3BC3ECA3A6} = {B7BCD4B1-D7A6-4AC0-97C7-FC680F244F63}
		{A1269393-9F77-49C7-A734-5643C6E5FF63} = {2616ED17-1DF3-403D-9354-2864E2E3C555}
		{2336878E-F17F-43B3-B109-570A1FF393F1} = {E4146455-342A-41CB-9951-CB75D4FADA07}
		{E2A9E84A-456B-42B6-9972-883536F6EBF0} = {E4146455-342A-41CB-9951-CB75D4FADA07}
		{A194C8B6-CB23-48B1-A709-5A05A78E5C34} = {E4146455-342A-41CB-9951-CB75D4FADA07}
		{DFFE9C10-F4A2-4551-A1FF-3F7EDBCF6B1F} = {E4146455-342A-41CB-9951-CB75D4FADA07}
		{FED9896F-E5A2-4F7C-8C4C-2381A6170984} = {E4146455-342A-41CB-9951-CB75D4FADA07}
		{DE3B9085-2FB7-429B-AC31-00B590ED9F92} = {E4146455-342A-41CB-9951-CB75D4FADA07}
		{D8DD162C-72CC-45AE-9B54-AA27F5D9ED4F} = {2616ED17-1DF3-403D-9354-2864E2E3C555}
	EndGlobalSection
EndGlobal
