
Microsoft Visual Studio Solution File, Format Version 12.00
# Visual Studio 2013
VisualStudioVersion = 12.0.40629.0
MinimumVisualStudioVersion = 10.0.40219.1
Project("{FAE04EC0-301F-11D3-BF4B-00C04F79EFBC}") = "SMS.Model", "SMS.Model\SMS.Model.csproj", "{2336878E-F17F-43B3-B109-570A1FF393F1}"
EndProject
Project("{FAE04EC0-301F-11D3-BF4B-00C04F79EFBC}") = "SMS.DB", "SMS.DB\SMS.DB.csproj", "{DE3B9085-2FB7-429B-AC31-00B590ED9F92}"
EndProject
Project("{2150E333-8FDC-42A3-9474-1A3956D46DE8}") = "Common", "Common", "{28664068-C0B3-4155-805A-C76971FC6DEF}"
EndProject
Project("{2150E333-8FDC-42A3-9474-1A3956D46DE8}") = "Infrastructure", "Infrastructure", "{FF26CDF8-ADB2-4D51-8187-C185ED3F9FF9}"
EndProject
Project("{2150E333-8FDC-42A3-9474-1A3956D46DE8}") = "Gateway", "Gateway", "{7839E79B-B882-48BD-B377-6A4584242C2F}"
EndProject
Project("{2150E333-8FDC-42A3-9474-1A3956D46DE8}") = "PlatformService", "PlatformService", "{CB45BFB2-2762-4DC1-95DC-898D97C0E3D2}"
EndProject
Project("{2150E333-8FDC-42A3-9474-1A3956D46DE8}") = "SMSService", "SMSService", "{915FB79C-B095-47B9-B743-489C6D44B7AF}"
EndProject
Project("{2150E333-8FDC-42A3-9474-1A3956D46DE8}") = "SendQueue", "SendQueue", "{AEC48469-0952-42FD-A5FC-AAA8FA5B09D8}"
EndProject
Project("{FAE04EC0-301F-11D3-BF4B-00C04F79EFBC}") = "GatewayHost", "GatewayHost\GatewayHost.csproj", "{0583CC93-106D-41CD-9038-98034D07F820}"
EndProject
Project("{FAE04EC0-301F-11D3-BF4B-00C04F79EFBC}") = "DBTools", "DBTools\DBTools.csproj", "{FED9896F-E5A2-4F7C-8C4C-2381A6170984}"
EndProject
Project("{FAE04EC0-301F-11D3-BF4B-00C04F79EFBC}") = "MessageTools", "MessageTools\MessageTools.csproj", "{D8DD162C-72CC-45AE-9B54-AA27F5D9ED4F}"
EndProject
Project("{FAE04EC0-301F-11D3-BF4B-00C04F79EFBC}") = "GatewayInterface", "GatewayInterface\GatewayInterface.csproj", "{FB367D02-2C85-4247-ADED-D5CC858FFEB3}"
EndProject
Project("{FAE04EC0-301F-11D3-BF4B-00C04F79EFBC}") = "HttpGateways", "HttpGateways\HttpGateways.csproj", "{0ADCBE07-FB3B-4964-9817-7F47B7C18CB9}"
EndProject
Project("{2150E333-8FDC-42A3-9474-1A3956D46DE8}") = "Interface", "Interface", "{2EE70587-55FE-45D9-B4FE-3BA56BCB9652}"
EndProject
Project("{FAE04EC0-301F-11D3-BF4B-00C04F79EFBC}") = "SMSPlatformHost", "SMSPlatformHost\SMSPlatformHost.csproj", "{4CBF3ECF-0981-460A-986D-C37B021FC32B}"
EndProject
Project("{FAE04EC0-301F-11D3-BF4B-00C04F79EFBC}") = "SMSPlatformService", "SMSPlatformService\SMSPlatformService.csproj", "{CB8E78A0-52CE-4E57-8CBB-64CE5AF76D51}"
EndProject
Project("{FAE04EC0-301F-11D3-BF4B-00C04F79EFBC}") = "SMSPlatformInterface", "SMSPlatformInterface\SMSPlatformInterface.csproj", "{A194C8B6-CB23-48B1-A709-5A05A78E5C34}"
EndProject
Project("{FAE04EC0-301F-11D3-BF4B-00C04F79EFBC}") = "SendQueueHost", "SendQueueHost\SendQueueHost.csproj", "{12DDF59E-549D-4929-865A-1BBAB466F1E7}"
EndProject
Project("{FAE04EC0-301F-11D3-BF4B-00C04F79EFBC}") = "MQHelper", "MQHelper\MQHelper.csproj", "{8797BC3B-9C77-4781-A04F-3D32B208CFBF}"
EndProject
Project("{FAE04EC0-301F-11D3-BF4B-00C04F79EFBC}") = "SMSService", "SMSService\SMSService.csproj", "{41372213-A9D8-45AA-9B15-8CBDA2EB35F6}"
EndProject
Project("{FAE04EC0-301F-11D3-BF4B-00C04F79EFBC}") = "SMSInterface", "SMSInterface\SMSInterface.csproj", "{F69595C5-2995-4581-8CC3-2F9752C5347C}"
EndProject
Project("{FAE04EC0-301F-11D3-BF4B-00C04F79EFBC}") = "SMSHost", "SMSHost\SMSHost.csproj", "{3F92BD5D-39F4-462C-A817-AAF5A933964A}"
EndProject
Project("{FAE04EC0-301F-11D3-BF4B-00C04F79EFBC}") = "SMSPlatform.DAL", "SMSPlatform.DAL\SMSPlatform.DAL.csproj", "{DFFE9C10-F4A2-4551-A1FF-3F7EDBCF6B1F}"
EndProject
Project("{2150E333-8FDC-42A3-9474-1A3956D46DE8}") = "Log", "Log", "{8BD98F5E-E14F-43D6-886A-E2A0F44DA983}"
EndProject
Project("{FAE04EC0-301F-11D3-BF4B-00C04F79EFBC}") = "LogClient", "LogClient\LogClient.csproj", "{4156F982-4114-498B-B681-05D8C7D75DC2}"
EndProject
Project("{FAE04EC0-301F-11D3-BF4B-00C04F79EFBC}") = "LogHost", "LogHost\LogHost.csproj", "{03712FD5-7474-4767-996E-B9E8DE891B26}"
EndProject
Project("{FAE04EC0-301F-11D3-BF4B-00C04F79EFBC}") = "LogService", "LogService\LogService.csproj", "{2B1F6548-3CB9-4BB4-8B23-89050C4B60B8}"
EndProject
Project("{FAE04EC0-301F-11D3-BF4B-00C04F79EFBC}") = "LogInterface", "LogInterface\LogInterface.csproj", "{7EFF3F5A-4EFB-4C63-A5CA-0C42294108D0}"
EndProject
Project("{FAE04EC0-301F-11D3-BF4B-00C04F79EFBC}") = "LogQuery", "LogQuery\LogQuery.csproj", "{B3E7482D-23AC-4F8F-9A0D-B2375E86C7BE}"
EndProject
Project("{FAE04EC0-301F-11D3-BF4B-00C04F79EFBC}") = "LogHelper", "LogHelper\LogHelper.csproj", "{1A557D46-6394-4FC6-9F0E-33A175F299E5}"
EndProject
Project("{FAE04EC0-301F-11D3-BF4B-00C04F79EFBC}") = "ISMPModel", "..\..\..\ISMP\编码\开发版本\ISMP\ISMPModel\ISMPModel.csproj", "{A363F0BD-2CE7-4CB1-98B6-8E3BC3ECA3A6}"
EndProject
Project("{FAE04EC0-301F-11D3-BF4B-00C04F79EFBC}") = "ISMPInterface", "..\..\..\ISMP\编码\开发版本\ISMP\ISMPInterface\ISMPInterface.csproj", "{8E07A99B-5F22-4189-8AE9-9FA233DC3C82}"
EndProject
Project("{FAE04EC0-301F-11D3-BF4B-00C04F79EFBC}") = "SMS.Util", "SMS.Util\SMS.Util.csproj", "{E2A9E84A-456B-42B6-9972-883536F6EBF0}"
EndProject
Project("{FAE04EC0-301F-11D3-BF4B-00C04F79EFBC}") = "KeywordFilter", "KeywordFilter\KeywordFilter.csproj", "{6F9E6F76-C1DC-46EC-9A64-A554FBF3D3D4}"
EndProject
Project("{2150E333-8FDC-42A3-9474-1A3956D46DE8}") = "StatusReportService", "StatusReportService", "{0CC40302-5D59-40EE-B980-9576674EF99B}"
EndProject
Project("{FAE04EC0-301F-11D3-BF4B-00C04F79EFBC}") = "StatusReportHost", "StatusReportHost\StatusReportHost.csproj", "{BA21B35D-6AAA-431C-B90C-6045CB054E7F}"
EndProject
Project("{FAE04EC0-301F-11D3-BF4B-00C04F79EFBC}") = "StatusReportInterface", "StatusReportInterface\StatusReportInterface.csproj", "{5C40993A-D520-4614-B37E-650811A41451}"
EndProject
Project("{FAE04EC0-301F-11D3-BF4B-00C04F79EFBC}") = "StatusReportService", "StatusReportService\StatusReportService.csproj", "{BFA03801-96D6-4BFD-8A0C-A3F0CE66316D}"
EndProject
Project("{FAE04EC0-301F-11D3-BF4B-00C04F79EFBC}") = "HttpSMSService", "HttpSMSService\HttpSMSService.csproj", "{6A0A865D-2066-47A7-83ED-06C0CB8FEAE8}"
EndProject
Project("{FAE04EC0-301F-11D3-BF4B-00C04F79EFBC}") = "GatewayRecieve", "GatewayRecieve\GatewayRecieve.csproj", "{B6645FE9-F459-4F40-8719-78555C491B90}"
EndProject
Global
	GlobalSection(SolutionConfigurationPlatforms) = preSolution
		Debug|Any CPU = Debug|Any CPU
		Release|Any CPU = Release|Any CPU
	EndGlobalSection
	GlobalSection(ProjectConfigurationPlatforms) = postSolution
		{2336878E-F17F-43B3-B109-570A1FF393F1}.Debug|Any CPU.ActiveCfg = Debug|Any CPU
		{2336878E-F17F-43B3-B109-570A1FF393F1}.Debug|Any CPU.Build.0 = Debug|Any CPU
		{2336878E-F17F-43B3-B109-570A1FF393F1}.Release|Any CPU.ActiveCfg = Release|Any CPU
		{2336878E-F17F-43B3-B109-570A1FF393F1}.Release|Any CPU.Build.0 = Release|Any CPU
		{DE3B9085-2FB7-429B-AC31-00B590ED9F92}.Debug|Any CPU.ActiveCfg = Debug|Any CPU
		{DE3B9085-2FB7-429B-AC31-00B590ED9F92}.Debug|Any CPU.Build.0 = Debug|Any CPU
		{DE3B9085-2FB7-429B-AC31-00B590ED9F92}.Release|Any CPU.ActiveCfg = Release|Any CPU
		{DE3B9085-2FB7-429B-AC31-00B590ED9F92}.Release|Any CPU.Build.0 = Release|Any CPU
		{0583CC93-106D-41CD-9038-98034D07F820}.Debug|Any CPU.ActiveCfg = Debug|Any CPU
		{0583CC93-106D-41CD-9038-98034D07F820}.Debug|Any CPU.Build.0 = Debug|Any CPU
		{0583CC93-106D-41CD-9038-98034D07F820}.Release|Any CPU.ActiveCfg = Release|Any CPU
		{0583CC93-106D-41CD-9038-98034D07F820}.Release|Any CPU.Build.0 = Release|Any CPU
		{FED9896F-E5A2-4F7C-8C4C-2381A6170984}.Debug|Any CPU.ActiveCfg = Debug|Any CPU
		{FED9896F-E5A2-4F7C-8C4C-2381A6170984}.Debug|Any CPU.Build.0 = Debug|Any CPU
		{FED9896F-E5A2-4F7C-8C4C-2381A6170984}.Release|Any CPU.ActiveCfg = Release|Any CPU
		{FED9896F-E5A2-4F7C-8C4C-2381A6170984}.Release|Any CPU.Build.0 = Release|Any CPU
		{D8DD162C-72CC-45AE-9B54-AA27F5D9ED4F}.Debug|Any CPU.ActiveCfg = Debug|Any CPU
		{D8DD162C-72CC-45AE-9B54-AA27F5D9ED4F}.Debug|Any CPU.Build.0 = Debug|Any CPU
		{D8DD162C-72CC-45AE-9B54-AA27F5D9ED4F}.Release|Any CPU.ActiveCfg = Release|Any CPU
		{D8DD162C-72CC-45AE-9B54-AA27F5D9ED4F}.Release|Any CPU.Build.0 = Release|Any CPU
		{FB367D02-2C85-4247-ADED-D5CC858FFEB3}.Debug|Any CPU.ActiveCfg = Debug|Any CPU
		{FB367D02-2C85-4247-ADED-D5CC858FFEB3}.Debug|Any CPU.Build.0 = Debug|Any CPU
		{FB367D02-2C85-4247-ADED-D5CC858FFEB3}.Release|Any CPU.ActiveCfg = Release|Any CPU
		{FB367D02-2C85-4247-ADED-D5CC858FFEB3}.Release|Any CPU.Build.0 = Release|Any CPU
		{0ADCBE07-FB3B-4964-9817-7F47B7C18CB9}.Debug|Any CPU.ActiveCfg = Debug|Any CPU
		{0ADCBE07-FB3B-4964-9817-7F47B7C18CB9}.Debug|Any CPU.Build.0 = Debug|Any CPU
		{0ADCBE07-FB3B-4964-9817-7F47B7C18CB9}.Release|Any CPU.ActiveCfg = Release|Any CPU
		{0ADCBE07-FB3B-4964-9817-7F47B7C18CB9}.Release|Any CPU.Build.0 = Release|Any CPU
		{4CBF3ECF-0981-460A-986D-C37B021FC32B}.Debug|Any CPU.ActiveCfg = Debug|Any CPU
		{4CBF3ECF-0981-460A-986D-C37B021FC32B}.Debug|Any CPU.Build.0 = Debug|Any CPU
		{4CBF3ECF-0981-460A-986D-C37B021FC32B}.Release|Any CPU.ActiveCfg = Release|Any CPU
		{4CBF3ECF-0981-460A-986D-C37B021FC32B}.Release|Any CPU.Build.0 = Release|Any CPU
		{CB8E78A0-52CE-4E57-8CBB-64CE5AF76D51}.Debug|Any CPU.ActiveCfg = Debug|Any CPU
		{CB8E78A0-52CE-4E57-8CBB-64CE5AF76D51}.Debug|Any CPU.Build.0 = Debug|Any CPU
		{CB8E78A0-52CE-4E57-8CBB-64CE5AF76D51}.Release|Any CPU.ActiveCfg = Release|Any CPU
		{CB8E78A0-52CE-4E57-8CBB-64CE5AF76D51}.Release|Any CPU.Build.0 = Release|Any CPU
		{A194C8B6-CB23-48B1-A709-5A05A78E5C34}.Debug|Any CPU.ActiveCfg = Debug|Any CPU
		{A194C8B6-CB23-48B1-A709-5A05A78E5C34}.Debug|Any CPU.Build.0 = Debug|Any CPU
		{A194C8B6-CB23-48B1-A709-5A05A78E5C34}.Release|Any CPU.ActiveCfg = Release|Any CPU
		{A194C8B6-CB23-48B1-A709-5A05A78E5C34}.Release|Any CPU.Build.0 = Release|Any CPU
		{12DDF59E-549D-4929-865A-1BBAB466F1E7}.Debug|Any CPU.ActiveCfg = Debug|Any CPU
		{12DDF59E-549D-4929-865A-1BBAB466F1E7}.Debug|Any CPU.Build.0 = Debug|Any CPU
		{12DDF59E-549D-4929-865A-1BBAB466F1E7}.Release|Any CPU.ActiveCfg = Release|Any CPU
		{12DDF59E-549D-4929-865A-1BBAB466F1E7}.Release|Any CPU.Build.0 = Release|Any CPU
		{8797BC3B-9C77-4781-A04F-3D32B208CFBF}.Debug|Any CPU.ActiveCfg = Debug|Any CPU
		{8797BC3B-9C77-4781-A04F-3D32B208CFBF}.Debug|Any CPU.Build.0 = Debug|Any CPU
		{8797BC3B-9C77-4781-A04F-3D32B208CFBF}.Release|Any CPU.ActiveCfg = Release|Any CPU
		{8797BC3B-9C77-4781-A04F-3D32B208CFBF}.Release|Any CPU.Build.0 = Release|Any CPU
		{41372213-A9D8-45AA-9B15-8CBDA2EB35F6}.Debug|Any CPU.ActiveCfg = Debug|Any CPU
		{41372213-A9D8-45AA-9B15-8CBDA2EB35F6}.Debug|Any CPU.Build.0 = Debug|Any CPU
		{41372213-A9D8-45AA-9B15-8CBDA2EB35F6}.Release|Any CPU.ActiveCfg = Release|Any CPU
		{41372213-A9D8-45AA-9B15-8CBDA2EB35F6}.Release|Any CPU.Build.0 = Release|Any CPU
		{F69595C5-2995-4581-8CC3-2F9752C5347C}.Debug|Any CPU.ActiveCfg = Debug|Any CPU
		{F69595C5-2995-4581-8CC3-2F9752C5347C}.Debug|Any CPU.Build.0 = Debug|Any CPU
		{F69595C5-2995-4581-8CC3-2F9752C5347C}.Release|Any CPU.ActiveCfg = Release|Any CPU
		{F69595C5-2995-4581-8CC3-2F9752C5347C}.Release|Any CPU.Build.0 = Release|Any CPU
		{3F92BD5D-39F4-462C-A817-AAF5A933964A}.Debug|Any CPU.ActiveCfg = Debug|Any CPU
		{3F92BD5D-39F4-462C-A817-AAF5A933964A}.Debug|Any CPU.Build.0 = Debug|Any CPU
		{3F92BD5D-39F4-462C-A817-AAF5A933964A}.Release|Any CPU.ActiveCfg = Release|Any CPU
		{3F92BD5D-39F4-462C-A817-AAF5A933964A}.Release|Any CPU.Build.0 = Release|Any CPU
		{DFFE9C10-F4A2-4551-A1FF-3F7EDBCF6B1F}.Debug|Any CPU.ActiveCfg = Debug|Any CPU
		{DFFE9C10-F4A2-4551-A1FF-3F7EDBCF6B1F}.Debug|Any CPU.Build.0 = Debug|Any CPU
		{DFFE9C10-F4A2-4551-A1FF-3F7EDBCF6B1F}.Release|Any CPU.ActiveCfg = Release|Any CPU
		{DFFE9C10-F4A2-4551-A1FF-3F7EDBCF6B1F}.Release|Any CPU.Build.0 = Release|Any CPU
		{4156F982-4114-498B-B681-05D8C7D75DC2}.Debug|Any CPU.ActiveCfg = Debug|Any CPU
		{4156F982-4114-498B-B681-05D8C7D75DC2}.Debug|Any CPU.Build.0 = Debug|Any CPU
		{4156F982-4114-498B-B681-05D8C7D75DC2}.Release|Any CPU.ActiveCfg = Release|Any CPU
		{4156F982-4114-498B-B681-05D8C7D75DC2}.Release|Any CPU.Build.0 = Release|Any CPU
		{03712FD5-7474-4767-996E-B9E8DE891B26}.Debug|Any CPU.ActiveCfg = Debug|Any CPU
		{03712FD5-7474-4767-996E-B9E8DE891B26}.Debug|Any CPU.Build.0 = Debug|Any CPU
		{03712FD5-7474-4767-996E-B9E8DE891B26}.Release|Any CPU.ActiveCfg = Release|Any CPU
		{03712FD5-7474-4767-996E-B9E8DE891B26}.Release|Any CPU.Build.0 = Release|Any CPU
		{2B1F6548-3CB9-4BB4-8B23-89050C4B60B8}.Debug|Any CPU.ActiveCfg = Debug|Any CPU
		{2B1F6548-3CB9-4BB4-8B23-89050C4B60B8}.Debug|Any CPU.Build.0 = Debug|Any CPU
		{2B1F6548-3CB9-4BB4-8B23-89050C4B60B8}.Release|Any CPU.ActiveCfg = Release|Any CPU
		{2B1F6548-3CB9-4BB4-8B23-89050C4B60B8}.Release|Any CPU.Build.0 = Release|Any CPU
		{7EFF3F5A-4EFB-4C63-A5CA-0C42294108D0}.Debug|Any CPU.ActiveCfg = Debug|Any CPU
		{7EFF3F5A-4EFB-4C63-A5CA-0C42294108D0}.Debug|Any CPU.Build.0 = Debug|Any CPU
		{7EFF3F5A-4EFB-4C63-A5CA-0C42294108D0}.Release|Any CPU.ActiveCfg = Release|Any CPU
		{7EFF3F5A-4EFB-4C63-A5CA-0C42294108D0}.Release|Any CPU.Build.0 = Release|Any CPU
		{B3E7482D-23AC-4F8F-9A0D-B2375E86C7BE}.Debug|Any CPU.ActiveCfg = Debug|Any CPU
		{B3E7482D-23AC-4F8F-9A0D-B2375E86C7BE}.Debug|Any CPU.Build.0 = Debug|Any CPU
		{B3E7482D-23AC-4F8F-9A0D-B2375E86C7BE}.Release|Any CPU.ActiveCfg = Release|Any CPU
		{B3E7482D-23AC-4F8F-9A0D-B2375E86C7BE}.Release|Any CPU.Build.0 = Release|Any CPU
		{1A557D46-6394-4FC6-9F0E-33A175F299E5}.Debug|Any CPU.ActiveCfg = Debug|Any CPU
		{1A557D46-6394-4FC6-9F0E-33A175F299E5}.Debug|Any CPU.Build.0 = Debug|Any CPU
		{1A557D46-6394-4FC6-9F0E-33A175F299E5}.Release|Any CPU.ActiveCfg = Release|Any CPU
		{1A557D46-6394-4FC6-9F0E-33A175F299E5}.Release|Any CPU.Build.0 = Release|Any CPU
		{A363F0BD-2CE7-4CB1-98B6-8E3BC3ECA3A6}.Debug|Any CPU.ActiveCfg = Debug|Any CPU
		{A363F0BD-2CE7-4CB1-98B6-8E3BC3ECA3A6}.Debug|Any CPU.Build.0 = Debug|Any CPU
		{A363F0BD-2CE7-4CB1-98B6-8E3BC3ECA3A6}.Release|Any CPU.ActiveCfg = Release|Any CPU
		{A363F0BD-2CE7-4CB1-98B6-8E3BC3ECA3A6}.Release|Any CPU.Build.0 = Release|Any CPU
		{8E07A99B-5F22-4189-8AE9-9FA233DC3C82}.Debug|Any CPU.ActiveCfg = Debug|Any CPU
		{8E07A99B-5F22-4189-8AE9-9FA233DC3C82}.Debug|Any CPU.Build.0 = Debug|Any CPU
		{8E07A99B-5F22-4189-8AE9-9FA233DC3C82}.Release|Any CPU.ActiveCfg = Release|Any CPU
		{8E07A99B-5F22-4189-8AE9-9FA233DC3C82}.Release|Any CPU.Build.0 = Release|Any CPU
		{E2A9E84A-456B-42B6-9972-883536F6EBF0}.Debug|Any CPU.ActiveCfg = Debug|Any CPU
		{E2A9E84A-456B-42B6-9972-883536F6EBF0}.Debug|Any CPU.Build.0 = Debug|Any CPU
		{E2A9E84A-456B-42B6-9972-883536F6EBF0}.Release|Any CPU.ActiveCfg = Release|Any CPU
		{E2A9E84A-456B-42B6-9972-883536F6EBF0}.Release|Any CPU.Build.0 = Release|Any CPU
		{6F9E6F76-C1DC-46EC-9A64-A554FBF3D3D4}.Debug|Any CPU.ActiveCfg = Debug|Any CPU
		{6F9E6F76-C1DC-46EC-9A64-A554FBF3D3D4}.Debug|Any CPU.Build.0 = Debug|Any CPU
		{6F9E6F76-C1DC-46EC-9A64-A554FBF3D3D4}.Release|Any CPU.ActiveCfg = Release|Any CPU
		{6F9E6F76-C1DC-46EC-9A64-A554FBF3D3D4}.Release|Any CPU.Build.0 = Release|Any CPU
		{BA21B35D-6AAA-431C-B90C-6045CB054E7F}.Debug|Any CPU.ActiveCfg = Debug|Any CPU
		{BA21B35D-6AAA-431C-B90C-6045CB054E7F}.Debug|Any CPU.Build.0 = Debug|Any CPU
		{BA21B35D-6AAA-431C-B90C-6045CB054E7F}.Release|Any CPU.ActiveCfg = Release|Any CPU
		{BA21B35D-6AAA-431C-B90C-6045CB054E7F}.Release|Any CPU.Build.0 = Release|Any CPU
		{5C40993A-D520-4614-B37E-650811A41451}.Debug|Any CPU.ActiveCfg = Debug|Any CPU
		{5C40993A-D520-4614-B37E-650811A41451}.Debug|Any CPU.Build.0 = Debug|Any CPU
		{5C40993A-D520-4614-B37E-650811A41451}.Release|Any CPU.ActiveCfg = Release|Any CPU
		{5C40993A-D520-4614-B37E-650811A41451}.Release|Any CPU.Build.0 = Release|Any CPU
		{BFA03801-96D6-4BFD-8A0C-A3F0CE66316D}.Debug|Any CPU.ActiveCfg = Debug|Any CPU
		{BFA03801-96D6-4BFD-8A0C-A3F0CE66316D}.Debug|Any CPU.Build.0 = Debug|Any CPU
		{BFA03801-96D6-4BFD-8A0C-A3F0CE66316D}.Release|Any CPU.ActiveCfg = Release|Any CPU
		{BFA03801-96D6-4BFD-8A0C-A3F0CE66316D}.Release|Any CPU.Build.0 = Release|Any CPU
		{6A0A865D-2066-47A7-83ED-06C0CB8FEAE8}.Debug|Any CPU.ActiveCfg = Debug|Any CPU
		{6A0A865D-2066-47A7-83ED-06C0CB8FEAE8}.Debug|Any CPU.Build.0 = Debug|Any CPU
		{6A0A865D-2066-47A7-83ED-06C0CB8FEAE8}.Release|Any CPU.ActiveCfg = Release|Any CPU
		{6A0A865D-2066-47A7-83ED-06C0CB8FEAE8}.Release|Any CPU.Build.0 = Release|Any CPU
		{B6645FE9-F459-4F40-8719-78555C491B90}.Debug|Any CPU.ActiveCfg = Debug|Any CPU
		{B6645FE9-F459-4F40-8719-78555C491B90}.Debug|Any CPU.Build.0 = Debug|Any CPU
		{B6645FE9-F459-4F40-8719-78555C491B90}.Release|Any CPU.ActiveCfg = Release|Any CPU
		{B6645FE9-F459-4F40-8719-78555C491B90}.Release|Any CPU.Build.0 = Release|Any CPU
	EndGlobalSection
	GlobalSection(SolutionProperties) = preSolution
		HideSolutionNode = FALSE
	EndGlobalSection
	GlobalSection(NestedProjects) = preSolution
		{2336878E-F17F-43B3-B109-570A1FF393F1} = {FF26CDF8-ADB2-4D51-8187-C185ED3F9FF9}
		{DE3B9085-2FB7-429B-AC31-00B590ED9F92} = {FF26CDF8-ADB2-4D51-8187-C185ED3F9FF9}
		{0583CC93-106D-41CD-9038-98034D07F820} = {7839E79B-B882-48BD-B377-6A4584242C2F}
		{FED9896F-E5A2-4F7C-8C4C-2381A6170984} = {28664068-C0B3-4155-805A-C76971FC6DEF}
		{D8DD162C-72CC-45AE-9B54-AA27F5D9ED4F} = {28664068-C0B3-4155-805A-C76971FC6DEF}
		{FB367D02-2C85-4247-ADED-D5CC858FFEB3} = {7839E79B-B882-48BD-B377-6A4584242C2F}
		{0ADCBE07-FB3B-4964-9817-7F47B7C18CB9} = {7839E79B-B882-48BD-B377-6A4584242C2F}
		{4CBF3ECF-0981-460A-986D-C37B021FC32B} = {CB45BFB2-2762-4DC1-95DC-898D97C0E3D2}
		{CB8E78A0-52CE-4E57-8CBB-64CE5AF76D51} = {CB45BFB2-2762-4DC1-95DC-898D97C0E3D2}
		{A194C8B6-CB23-48B1-A709-5A05A78E5C34} = {CB45BFB2-2762-4DC1-95DC-898D97C0E3D2}
		{12DDF59E-549D-4929-865A-1BBAB466F1E7} = {AEC48469-0952-42FD-A5FC-AAA8FA5B09D8}
		{8797BC3B-9C77-4781-A04F-3D32B208CFBF} = {28664068-C0B3-4155-805A-C76971FC6DEF}
		{41372213-A9D8-45AA-9B15-8CBDA2EB35F6} = {915FB79C-B095-47B9-B743-489C6D44B7AF}
		{F69595C5-2995-4581-8CC3-2F9752C5347C} = {915FB79C-B095-47B9-B743-489C6D44B7AF}
		{3F92BD5D-39F4-462C-A817-AAF5A933964A} = {915FB79C-B095-47B9-B743-489C6D44B7AF}
		{DFFE9C10-F4A2-4551-A1FF-3F7EDBCF6B1F} = {CB45BFB2-2762-4DC1-95DC-898D97C0E3D2}
		{4156F982-4114-498B-B681-05D8C7D75DC2} = {8BD98F5E-E14F-43D6-886A-E2A0F44DA983}
		{03712FD5-7474-4767-996E-B9E8DE891B26} = {8BD98F5E-E14F-43D6-886A-E2A0F44DA983}
		{2B1F6548-3CB9-4BB4-8B23-89050C4B60B8} = {8BD98F5E-E14F-43D6-886A-E2A0F44DA983}
		{7EFF3F5A-4EFB-4C63-A5CA-0C42294108D0} = {8BD98F5E-E14F-43D6-886A-E2A0F44DA983}
		{B3E7482D-23AC-4F8F-9A0D-B2375E86C7BE} = {8BD98F5E-E14F-43D6-886A-E2A0F44DA983}
		{1A557D46-6394-4FC6-9F0E-33A175F299E5} = {8BD98F5E-E14F-43D6-886A-E2A0F44DA983}
		{A363F0BD-2CE7-4CB1-98B6-8E3BC3ECA3A6} = {2EE70587-55FE-45D9-B4FE-3BA56BCB9652}
		{8E07A99B-5F22-4189-8AE9-9FA233DC3C82} = {2EE70587-55FE-45D9-B4FE-3BA56BCB9652}
		{E2A9E84A-456B-42B6-9972-883536F6EBF0} = {FF26CDF8-ADB2-4D51-8187-C185ED3F9FF9}
		{6F9E6F76-C1DC-46EC-9A64-A554FBF3D3D4} = {FF26CDF8-ADB2-4D51-8187-C185ED3F9FF9}
		{BA21B35D-6AAA-431C-B90C-6045CB054E7F} = {0CC40302-5D59-40EE-B980-9576674EF99B}
		{5C40993A-D520-4614-B37E-650811A41451} = {0CC40302-5D59-40EE-B980-9576674EF99B}
		{BFA03801-96D6-4BFD-8A0C-A3F0CE66316D} = {0CC40302-5D59-40EE-B980-9576674EF99B}
		{6A0A865D-2066-47A7-83ED-06C0CB8FEAE8} = {2EE70587-55FE-45D9-B4FE-3BA56BCB9652}
		{B6645FE9-F459-4F40-8719-78555C491B90} = {7839E79B-B882-48BD-B377-6A4584242C2F}
	EndGlobalSection
EndGlobal
